
Microsoft Visual Studio Solution File, Format Version 12.00
# Visual Studio Version 17
VisualStudioVersion = 17.14.36616.10
MinimumVisualStudioVersion = 10.0.40219.1
Project("{FAE04EC0-301F-11D3-BF4B-00C04F79EFBC}") = "RazorPagesMovie", "RazorPagesMovie\RazorPagesMovie.csproj", "{9A6ADE2E-00D3-4EA4-88D0-0147B0350F52}"
EndProject
Global
	GlobalSection(SolutionConfigurationPlatforms) = preSolution
		Debug|Any CPU = Debug|Any CPU
		Release|Any CPU = Release|Any CPU
	EndGlobalSection
	GlobalSection(ProjectConfigurationPlatforms) = postSolution
		{9A6ADE2E-00D3-4EA4-88D0-0147B0350F52}.Debug|Any CPU.ActiveCfg = Debug|Any CPU
		{9A6ADE2E-00D3-4EA4-88D0-0147B0350F52}.Debug|Any CPU.Build.0 = Debug|Any CPU
		{9A6ADE2E-00D3-4EA4-88D0-0147B0350F52}.Release|Any CPU.ActiveCfg = Release|Any CPU
		{9A6ADE2E-00D3-4EA4-88D0-0147B0350F52}.Release|Any CPU.Build.0 = Release|Any CPU
	EndGlobalSection
	GlobalSection(SolutionProperties) = preSolution
		HideSolutionNode = FALSE
	EndGlobalSection
	GlobalSection(ExtensibilityGlobals) = postSolution
		SolutionGuid = {B284F33C-94BF-4F4A-B1E8-0DA0D3B2F4E0}
	EndGlobalSection
EndGlobal
